
Microsoft Visual Studio Solution File, Format Version 12.00
# Visual Studio Version 16
VisualStudioVersion = 16.0.29613.14
MinimumVisualStudioVersion = 10.0.40219.1
Project("{FAE04EC0-301F-11D3-BF4B-00C04F79EFBC}") = "EnazaTestTaskServer", "EnazaTestTaskServer\EnazaTestTaskServer.csproj", "{7AA13B8F-52E9-4E05-ACD8-1E59644B4DBE}"
EndProject
Project("{FAE04EC0-301F-11D3-BF4B-00C04F79EFBC}") = "EnazaTestTaskClient", "EnazaTestTaskClient\EnazaTestTaskClient.csproj", "{B9169D72-F531-4AEF-B5CB-84F41BD2BB92}"
EndProject
Global
	GlobalSection(SolutionConfigurationPlatforms) = preSolution
		Debug|Any CPU = Debug|Any CPU
		Release|Any CPU = Release|Any CPU
	EndGlobalSection
	GlobalSection(ProjectConfigurationPlatforms) = postSolution
		{7AA13B8F-52E9-4E05-ACD8-1E59644B4DBE}.Debug|Any CPU.ActiveCfg = Debug|Any CPU
		{7AA13B8F-52E9-4E05-ACD8-1E59644B4DBE}.Debug|Any CPU.Build.0 = Debug|Any CPU
		{7AA13B8F-52E9-4E05-ACD8-1E59644B4DBE}.Release|Any CPU.ActiveCfg = Release|Any CPU
		{7AA13B8F-52E9-4E05-ACD8-1E59644B4DBE}.Release|Any CPU.Build.0 = Release|Any CPU
		{B9169D72-F531-4AEF-B5CB-84F41BD2BB92}.Debug|Any CPU.ActiveCfg = Debug|Any CPU
		{B9169D72-F531-4AEF-B5CB-84F41BD2BB92}.Debug|Any CPU.Build.0 = Debug|Any CPU
		{B9169D72-F531-4AEF-B5CB-84F41BD2BB92}.Release|Any CPU.ActiveCfg = Release|Any CPU
		{B9169D72-F531-4AEF-B5CB-84F41BD2BB92}.Release|Any CPU.Build.0 = Release|Any CPU
	EndGlobalSection
	GlobalSection(SolutionProperties) = preSolution
		HideSolutionNode = FALSE
	EndGlobalSection
	GlobalSection(ExtensibilityGlobals) = postSolution
		SolutionGuid = {120DD880-7706-40D4-84AF-647425B99225}
	EndGlobalSection
EndGlobal
